
Microsoft Visual Studio Solution File, Format Version 12.00
# Visual Studio 14
VisualStudioVersion = 14.0.25420.1
MinimumVisualStudioVersion = 10.0.40219.1
Project("{2150E333-8FDC-42A3-9474-1A3956D46DE8}") = "BLL", "BLL", "{FA85D0CB-8EEB-4724-B766-6766C9A01596}"
EndProject
Project("{2150E333-8FDC-42A3-9474-1A3956D46DE8}") = "DAL", "DAL", "{B890E5E4-BA25-4DBD-901B-202035780756}"
EndProject
Project("{2150E333-8FDC-42A3-9474-1A3956D46DE8}") = "TransferObjects", "TransferObjects", "{A5ED4E49-0658-4A9E-84D7-3AC122F289D4}"
EndProject
Project("{FAE04EC0-301F-11D3-BF4B-00C04F79EFBC}") = "MathTicTac.DTO", "MathTicTac.DTO\MathTicTac.DTO.csproj", "{D81617DA-C924-4BD6-AA2C-5055231D0C9D}"
EndProject
Project("{FAE04EC0-301F-11D3-BF4B-00C04F79EFBC}") = "MathTicTac.BLL.Interfaces", "MathTicTac.BLL.Interfaces\MathTicTac.BLL.Interfaces.csproj", "{E0620BE8-080B-4D9B-9B79-044E169227C7}"
EndProject
Project("{FAE04EC0-301F-11D3-BF4B-00C04F79EFBC}") = "MathTicTac.BLL.Logic", "MathTicTac.BLL.Logic\MathTicTac.BLL.Logic.csproj", "{ABCE9384-41D3-4740-8983-24718D25A1A8}"
EndProject
Project("{FAE04EC0-301F-11D3-BF4B-00C04F79EFBC}") = "MathTicTac.DAL.Interfaces", "MathTicTac.DAL.Interfaces\MathTicTac.DAL.Interfaces.csproj", "{272BD081-FFC9-49D5-BE30-0E7250B67977}"
EndProject
Project("{FAE04EC0-301F-11D3-BF4B-00C04F79EFBC}") = "MathTicTac.DAL.Dao", "MathTicTac.DAL.Dao\MathTicTac.DAL.Dao.csproj", "{8F3422A0-3A97-4009-AB19-DB03AA8B38B5}"
EndProject
Project("{FAE04EC0-301F-11D3-BF4B-00C04F79EFBC}") = "MathTicTac.Config", "MathTicTac.Config\MathTicTac.Config.csproj", "{F4821EB4-DCC6-44AC-8FF3-9FF4C915CE9B}"
EndProject
Project("{FAE04EC0-301F-11D3-BF4B-00C04F79EFBC}") = "MathTicTac.ServiceModels", "MathTicTac.ServiceModels\MathTicTac.ServiceModels.csproj", "{234E3732-290E-4893-B7EE-821AB1982671}"
EndProject
Project("{FAE04EC0-301F-11D3-BF4B-00C04F79EFBC}") = "MathTicTac.Enums", "MathTicTac.Enums\MathTicTac.Enums.csproj", "{827E3A2B-E2E5-45E9-AC91-33FBC5004F8A}"
EndProject
Project("{2150E333-8FDC-42A3-9474-1A3956D46DE8}") = "Tests", "Tests", "{99A9BCD3-36A3-4A90-A492-F132DD0526B3}"
EndProject
Project("{FAE04EC0-301F-11D3-BF4B-00C04F79EFBC}") = "MathTicTac.Tests.Logic", "MathTicTac.Tests.Logic\MathTicTac.Tests.Logic.csproj", "{C8AAC351-70C6-4B0C-9926-41D2D41E9D25}"
EndProject
Global
	GlobalSection(SolutionConfigurationPlatforms) = preSolution
		Debug|Any CPU = Debug|Any CPU
		Debug|x86 = Debug|x86
		Release|Any CPU = Release|Any CPU
		Release|x86 = Release|x86
	EndGlobalSection
	GlobalSection(ProjectConfigurationPlatforms) = postSolution
		{D81617DA-C924-4BD6-AA2C-5055231D0C9D}.Debug|Any CPU.ActiveCfg = Debug|Any CPU
		{D81617DA-C924-4BD6-AA2C-5055231D0C9D}.Debug|Any CPU.Build.0 = Debug|Any CPU
		{D81617DA-C924-4BD6-AA2C-5055231D0C9D}.Debug|x86.ActiveCfg = Debug|Any CPU
		{D81617DA-C924-4BD6-AA2C-5055231D0C9D}.Debug|x86.Build.0 = Debug|Any CPU
		{D81617DA-C924-4BD6-AA2C-5055231D0C9D}.Release|Any CPU.ActiveCfg = Release|Any CPU
		{D81617DA-C924-4BD6-AA2C-5055231D0C9D}.Release|Any CPU.Build.0 = Release|Any CPU
		{D81617DA-C924-4BD6-AA2C-5055231D0C9D}.Release|x86.ActiveCfg = Release|Any CPU
		{D81617DA-C924-4BD6-AA2C-5055231D0C9D}.Release|x86.Build.0 = Release|Any CPU
		{E0620BE8-080B-4D9B-9B79-044E169227C7}.Debug|Any CPU.ActiveCfg = Debug|Any CPU
		{E0620BE8-080B-4D9B-9B79-044E169227C7}.Debug|Any CPU.Build.0 = Debug|Any CPU
		{E0620BE8-080B-4D9B-9B79-044E169227C7}.Debug|x86.ActiveCfg = Debug|Any CPU
		{E0620BE8-080B-4D9B-9B79-044E169227C7}.Debug|x86.Build.0 = Debug|Any CPU
		{E0620BE8-080B-4D9B-9B79-044E169227C7}.Release|Any CPU.ActiveCfg = Release|Any CPU
		{E0620BE8-080B-4D9B-9B79-044E169227C7}.Release|Any CPU.Build.0 = Release|Any CPU
		{E0620BE8-080B-4D9B-9B79-044E169227C7}.Release|x86.ActiveCfg = Release|Any CPU
		{E0620BE8-080B-4D9B-9B79-044E169227C7}.Release|x86.Build.0 = Release|Any CPU
		{ABCE9384-41D3-4740-8983-24718D25A1A8}.Debug|Any CPU.ActiveCfg = Debug|Any CPU
		{ABCE9384-41D3-4740-8983-24718D25A1A8}.Debug|Any CPU.Build.0 = Debug|Any CPU
		{ABCE9384-41D3-4740-8983-24718D25A1A8}.Debug|x86.ActiveCfg = Debug|Any CPU
		{ABCE9384-41D3-4740-8983-24718D25A1A8}.Debug|x86.Build.0 = Debug|Any CPU
		{ABCE9384-41D3-4740-8983-24718D25A1A8}.Release|Any CPU.ActiveCfg = Release|Any CPU
		{ABCE9384-41D3-4740-8983-24718D25A1A8}.Release|Any CPU.Build.0 = Release|Any CPU
		{ABCE9384-41D3-4740-8983-24718D25A1A8}.Release|x86.ActiveCfg = Release|Any CPU
		{ABCE9384-41D3-4740-8983-24718D25A1A8}.Release|x86.Build.0 = Release|Any CPU
		{272BD081-FFC9-49D5-BE30-0E7250B67977}.Debug|Any CPU.ActiveCfg = Debug|Any CPU
		{272BD081-FFC9-49D5-BE30-0E7250B67977}.Debug|Any CPU.Build.0 = Debug|Any CPU
		{272BD081-FFC9-49D5-BE30-0E7250B67977}.Debug|x86.ActiveCfg = Debug|Any CPU
		{272BD081-FFC9-49D5-BE30-0E7250B67977}.Debug|x86.Build.0 = Debug|Any CPU
		{272BD081-FFC9-49D5-BE30-0E7250B67977}.Release|Any CPU.ActiveCfg = Release|Any CPU
		{272BD081-FFC9-49D5-BE30-0E7250B67977}.Release|Any CPU.Build.0 = Release|Any CPU
		{272BD081-FFC9-49D5-BE30-0E7250B67977}.Release|x86.ActiveCfg = Release|Any CPU
		{272BD081-FFC9-49D5-BE30-0E7250B67977}.Release|x86.Build.0 = Release|Any CPU
		{8F3422A0-3A97-4009-AB19-DB03AA8B38B5}.Debug|Any CPU.ActiveCfg = Debug|Any CPU
		{8F3422A0-3A97-4009-AB19-DB03AA8B38B5}.Debug|Any CPU.Build.0 = Debug|Any CPU
		{8F3422A0-3A97-4009-AB19-DB03AA8B38B5}.Debug|x86.ActiveCfg = Debug|Any CPU
		{8F3422A0-3A97-4009-AB19-DB03AA8B38B5}.Debug|x86.Build.0 = Debug|Any CPU
		{8F3422A0-3A97-4009-AB19-DB03AA8B38B5}.Release|Any CPU.ActiveCfg = Release|Any CPU
		{8F3422A0-3A97-4009-AB19-DB03AA8B38B5}.Release|Any CPU.Build.0 = Release|Any CPU
		{8F3422A0-3A97-4009-AB19-DB03AA8B38B5}.Release|x86.ActiveCfg = Release|Any CPU
		{8F3422A0-3A97-4009-AB19-DB03AA8B38B5}.Release|x86.Build.0 = Release|Any CPU
		{F4821EB4-DCC6-44AC-8FF3-9FF4C915CE9B}.Debug|Any CPU.ActiveCfg = Debug|Any CPU
		{F4821EB4-DCC6-44AC-8FF3-9FF4C915CE9B}.Debug|Any CPU.Build.0 = Debug|Any CPU
		{F4821EB4-DCC6-44AC-8FF3-9FF4C915CE9B}.Debug|x86.ActiveCfg = Debug|Any CPU
		{F4821EB4-DCC6-44AC-8FF3-9FF4C915CE9B}.Debug|x86.Build.0 = Debug|Any CPU
		{F4821EB4-DCC6-44AC-8FF3-9FF4C915CE9B}.Release|Any CPU.ActiveCfg = Release|Any CPU
		{F4821EB4-DCC6-44AC-8FF3-9FF4C915CE9B}.Release|Any CPU.Build.0 = Release|Any CPU
		{F4821EB4-DCC6-44AC-8FF3-9FF4C915CE9B}.Release|x86.ActiveCfg = Release|Any CPU
		{F4821EB4-DCC6-44AC-8FF3-9FF4C915CE9B}.Release|x86.Build.0 = Release|Any CPU
		{234E3732-290E-4893-B7EE-821AB1982671}.Debug|Any CPU.ActiveCfg = Debug|Any CPU
		{234E3732-290E-4893-B7EE-821AB1982671}.Debug|Any CPU.Build.0 = Debug|Any CPU
		{234E3732-290E-4893-B7EE-821AB1982671}.Debug|x86.ActiveCfg = Debug|Any CPU
		{234E3732-290E-4893-B7EE-821AB1982671}.Debug|x86.Build.0 = Debug|Any CPU
		{234E3732-290E-4893-B7EE-821AB1982671}.Release|Any CPU.ActiveCfg = Release|Any CPU
		{234E3732-290E-4893-B7EE-821AB1982671}.Release|Any CPU.Build.0 = Release|Any CPU
		{234E3732-290E-4893-B7EE-821AB1982671}.Release|x86.ActiveCfg = Release|Any CPU
		{234E3732-290E-4893-B7EE-821AB1982671}.Release|x86.Build.0 = Release|Any CPU
		{827E3A2B-E2E5-45E9-AC91-33FBC5004F8A}.Debug|Any CPU.ActiveCfg = Debug|Any CPU
		{827E3A2B-E2E5-45E9-AC91-33FBC5004F8A}.Debug|Any CPU.Build.0 = Debug|Any CPU
		{827E3A2B-E2E5-45E9-AC91-33FBC5004F8A}.Debug|x86.ActiveCfg = Debug|Any CPU
		{827E3A2B-E2E5-45E9-AC91-33FBC5004F8A}.Debug|x86.Build.0 = Debug|Any CPU
		{827E3A2B-E2E5-45E9-AC91-33FBC5004F8A}.Release|Any CPU.ActiveCfg = Release|Any CPU
		{827E3A2B-E2E5-45E9-AC91-33FBC5004F8A}.Release|Any CPU.Build.0 = Release|Any CPU
		{827E3A2B-E2E5-45E9-AC91-33FBC5004F8A}.Release|x86.ActiveCfg = Release|Any CPU
		{827E3A2B-E2E5-45E9-AC91-33FBC5004F8A}.Release|x86.Build.0 = Release|Any CPU
		{C8AAC351-70C6-4B0C-9926-41D2D41E9D25}.Debug|Any CPU.ActiveCfg = Debug|Any CPU
		{C8AAC351-70C6-4B0C-9926-41D2D41E9D25}.Debug|Any CPU.Build.0 = Debug|Any CPU
		{C8AAC351-70C6-4B0C-9926-41D2D41E9D25}.Debug|x86.ActiveCfg = Debug|Any CPU
		{C8AAC351-70C6-4B0C-9926-41D2D41E9D25}.Debug|x86.Build.0 = Debug|Any CPU
		{C8AAC351-70C6-4B0C-9926-41D2D41E9D25}.Release|Any CPU.ActiveCfg = Release|Any CPU
		{C8AAC351-70C6-4B0C-9926-41D2D41E9D25}.Release|Any CPU.Build.0 = Release|Any CPU
		{C8AAC351-70C6-4B0C-9926-41D2D41E9D25}.Release|x86.ActiveCfg = Release|Any CPU
		{C8AAC351-70C6-4B0C-9926-41D2D41E9D25}.Release|x86.Build.0 = Release|Any CPU
	EndGlobalSection
	GlobalSection(SolutionProperties) = preSolution
		HideSolutionNode = FALSE
	EndGlobalSection
	GlobalSection(NestedProjects) = preSolution
		{D81617DA-C924-4BD6-AA2C-5055231D0C9D} = {A5ED4E49-0658-4A9E-84D7-3AC122F289D4}
		{E0620BE8-080B-4D9B-9B79-044E169227C7} = {FA85D0CB-8EEB-4724-B766-6766C9A01596}
		{ABCE9384-41D3-4740-8983-24718D25A1A8} = {FA85D0CB-8EEB-4724-B766-6766C9A01596}
		{272BD081-FFC9-49D5-BE30-0E7250B67977} = {B890E5E4-BA25-4DBD-901B-202035780756}
		{8F3422A0-3A97-4009-AB19-DB03AA8B38B5} = {B890E5E4-BA25-4DBD-901B-202035780756}
		{234E3732-290E-4893-B7EE-821AB1982671} = {A5ED4E49-0658-4A9E-84D7-3AC122F289D4}
		{827E3A2B-E2E5-45E9-AC91-33FBC5004F8A} = {A5ED4E49-0658-4A9E-84D7-3AC122F289D4}
		{C8AAC351-70C6-4B0C-9926-41D2D41E9D25} = {99A9BCD3-36A3-4A90-A492-F132DD0526B3}
	EndGlobalSection
EndGlobal
